// !$*UTF8*$!
{
	archiveVersion = 1;
	classes = {
	};
	objectVersion = 56;
	objects = {

/* Begin PBXBuildFile section */
		241D87F528D5E6D900FD2BD8 /* AppDelegate.swift in Sources */ = {isa = PBXBuildFile; fileRef = 241D87F428D5E6D900FD2BD8 /* AppDelegate.swift */; };
		241D87F728D5E6D900FD2BD8 /* SceneDelegate.swift in Sources */ = {isa = PBXBuildFile; fileRef = 241D87F628D5E6D900FD2BD8 /* SceneDelegate.swift */; };
		241D87F928D5E6D900FD2BD8 /* ViewController.swift in Sources */ = {isa = PBXBuildFile; fileRef = 241D87F828D5E6D900FD2BD8 /* ViewController.swift */; };
		241D87FC28D5E6D900FD2BD8 /* Main.storyboard in Resources */ = {isa = PBXBuildFile; fileRef = 241D87FA28D5E6D900FD2BD8 /* Main.storyboard */; };
		241D87FE28D5E6DA00FD2BD8 /* Assets.xcassets in Resources */ = {isa = PBXBuildFile; fileRef = 241D87FD28D5E6DA00FD2BD8 /* Assets.xcassets */; };
		241D880128D5E6DA00FD2BD8 /* LaunchScreen.storyboard in Resources */ = {isa = PBXBuildFile; fileRef = 241D87FF28D5E6DA00FD2BD8 /* LaunchScreen.storyboard */; };
		241D880E28D5E76B00FD2BD8 /* Colors.swift in Sources */ = {isa = PBXBuildFile; fileRef = 241D880D28D5E76B00FD2BD8 /* Colors.swift */; };
		241D881028D5E7A500FD2BD8 /* CollectionViewCell.swift in Sources */ = {isa = PBXBuildFile; fileRef = 241D880F28D5E7A500FD2BD8 /* CollectionViewCell.swift */; };
		241D881228D5E87A00FD2BD8 /* CustomLayout.swift in Sources */ = {isa = PBXBuildFile; fileRef = 241D881128D5E87A00FD2BD8 /* CustomLayout.swift */; };
/* End PBXBuildFile section */

/* Begin PBXFileReference section */
		241D87F128D5E6D900FD2BD8 /* platfarm-project.app */ = {isa = PBXFileReference; explicitFileType = wrapper.application; includeInIndex = 0; path = "platfarm-project.app"; sourceTree = BUILT_PRODUCTS_DIR; };
		241D87F428D5E6D900FD2BD8 /* AppDelegate.swift */ = {isa = PBXFileReference; lastKnownFileType = sourcecode.swift; path = AppDelegate.swift; sourceTree = "<group>"; };
		241D87F628D5E6D900FD2BD8 /* SceneDelegate.swift */ = {isa = PBXFileReference; lastKnownFileType = sourcecode.swift; path = SceneDelegate.swift; sourceTree = "<group>"; };
		241D87F828D5E6D900FD2BD8 /* ViewController.swift */ = {isa = PBXFileReference; lastKnownFileType = sourcecode.swift; path = ViewController.swift; sourceTree = "<group>"; };
		241D87FB28D5E6D900FD2BD8 /* Base */ = {isa = PBXFileReference; lastKnownFileType = file.storyboard; name = Base; path = Base.lproj/Main.storyboard; sourceTree = "<group>"; };
		241D87FD28D5E6DA00FD2BD8 /* Assets.xcassets */ = {isa = PBXFileReference; lastKnownFileType = folder.assetcatalog; path = Assets.xcassets; sourceTree = "<group>"; };
		241D880028D5E6DA00FD2BD8 /* Base */ = {isa = PBXFileReference; lastKnownFileType = file.storyboard; name = Base; path = Base.lproj/LaunchScreen.storyboard; sourceTree = "<group>"; };
		241D880228D5E6DA00FD2BD8 /* Info.plist */ = {isa = PBXFileReference; lastKnownFileType = text.plist.xml; path = Info.plist; sourceTree = "<group>"; };
		241D880D28D5E76B00FD2BD8 /* Colors.swift */ = {isa = PBXFileReference; lastKnownFileType = sourcecode.swift; path = Colors.swift; sourceTree = "<group>"; };
		241D880F28D5E7A500FD2BD8 /* CollectionViewCell.swift */ = {isa = PBXFileReference; lastKnownFileType = sourcecode.swift; path = CollectionViewCell.swift; sourceTree = "<group>"; };
		241D881128D5E87A00FD2BD8 /* CustomLayout.swift */ = {isa = PBXFileReference; lastKnownFileType = sourcecode.swift; path = CustomLayout.swift; sourceTree = "<group>"; };
/* End PBXFileReference section */

/* Begin PBXFrameworksBuildPhase section */
		241D87EE28D5E6D900FD2BD8 /* Frameworks */ = {
			isa = PBXFrameworksBuildPhase;
			buildActionMask = 2147483647;
			files = (
			);
			runOnlyForDeploymentPostprocessing = 0;
		};
/* End PBXFrameworksBuildPhase section */

/* Begin PBXGroup section */
		241D87E828D5E6D900FD2BD8 = {
			isa = PBXGroup;
			children = (
				241D87F328D5E6D900FD2BD8 /* platfarm-project */,
				241D87F228D5E6D900FD2BD8 /* Products */,
			);
			sourceTree = "<group>";
		};
		241D87F228D5E6D900FD2BD8 /* Products */ = {
			isa = PBXGroup;
			children = (
				241D87F128D5E6D900FD2BD8 /* platfarm-project.app */,
			);
			name = Products;
			sourceTree = "<group>";
		};
		241D87F328D5E6D900FD2BD8 /* platfarm-project */ = {
			isa = PBXGroup;
			children = (
				241D880C28D5E75F00FD2BD8 /* Model */,
				241D880A28D5E73D00FD2BD8 /* Controller */,
				241D880928D5E6E900FD2BD8 /* View */,
				241D880828D5E6E100FD2BD8 /* Assets */,
				241D87F428D5E6D900FD2BD8 /* AppDelegate.swift */,
				241D87F628D5E6D900FD2BD8 /* SceneDelegate.swift */,
				241D880228D5E6DA00FD2BD8 /* Info.plist */,
			);
			path = "platfarm-project";
			sourceTree = "<group>";
		};
		241D880828D5E6E100FD2BD8 /* Assets */ = {
			isa = PBXGroup;
			children = (
				241D87FD28D5E6DA00FD2BD8 /* Assets.xcassets */,
			);
			path = Assets;
			sourceTree = "<group>";
		};
		241D880928D5E6E900FD2BD8 /* View */ = {
			isa = PBXGroup;
			children = (
				241D87FA28D5E6D900FD2BD8 /* Main.storyboard */,
				241D87FF28D5E6DA00FD2BD8 /* LaunchScreen.storyboard */,
			);
			path = View;
			sourceTree = "<group>";
		};
		241D880A28D5E73D00FD2BD8 /* Controller */ = {
			isa = PBXGroup;
			children = (
				241D87F828D5E6D900FD2BD8 /* ViewController.swift */,
				241D880F28D5E7A500FD2BD8 /* CollectionViewCell.swift */,
				241D881128D5E87A00FD2BD8 /* CustomLayout.swift */,
			);
			path = Controller;
			sourceTree = "<group>";
		};
		241D880C28D5E75F00FD2BD8 /* Model */ = {
			isa = PBXGroup;
			children = (
				241D880D28D5E76B00FD2BD8 /* Colors.swift */,
			);
			path = Model;
			sourceTree = "<group>";
		};
/* End PBXGroup section */

/* Begin PBXNativeTarget section */
		241D87F028D5E6D900FD2BD8 /* platfarm-project */ = {
			isa = PBXNativeTarget;
			buildConfigurationList = 241D880528D5E6DA00FD2BD8 /* Build configuration list for PBXNativeTarget "platfarm-project" */;
			buildPhases = (
				241D87ED28D5E6D900FD2BD8 /* Sources */,
				241D87EE28D5E6D900FD2BD8 /* Frameworks */,
				241D87EF28D5E6D900FD2BD8 /* Resources */,
			);
			buildRules = (
			);
			dependencies = (
			);
			name = "platfarm-project";
			productName = "platfarm-project";
			productReference = 241D87F128D5E6D900FD2BD8 /* platfarm-project.app */;
			productType = "com.apple.product-type.application";
		};
/* End PBXNativeTarget section */

/* Begin PBXProject section */
		241D87E928D5E6D900FD2BD8 /* Project object */ = {
			isa = PBXProject;
			attributes = {
				BuildIndependentTargetsInParallel = 1;
				LastSwiftUpdateCheck = 1400;
				LastUpgradeCheck = 1400;
				TargetAttributes = {
					241D87F028D5E6D900FD2BD8 = {
						CreatedOnToolsVersion = 14.0;
					};
				};
			};
			buildConfigurationList = 241D87EC28D5E6D900FD2BD8 /* Build configuration list for PBXProject "platfarm-project" */;
			compatibilityVersion = "Xcode 14.0";
			developmentRegion = en;
			hasScannedForEncodings = 0;
			knownRegions = (
				en,
				Base,
			);
			mainGroup = 241D87E828D5E6D900FD2BD8;
			productRefGroup = 241D87F228D5E6D900FD2BD8 /* Products */;
			projectDirPath = "";
			projectRoot = "";
			targets = (
				241D87F028D5E6D900FD2BD8 /* platfarm-project */,
			);
		};
/* End PBXProject section */

/* Begin PBXResourcesBuildPhase section */
		241D87EF28D5E6D900FD2BD8 /* Resources */ = {
			isa = PBXResourcesBuildPhase;
			buildActionMask = 2147483647;
			files = (
				241D880128D5E6DA00FD2BD8 /* LaunchScreen.storyboard in Resources */,
				241D87FE28D5E6DA00FD2BD8 /* Assets.xcassets in Resources */,
				241D87FC28D5E6D900FD2BD8 /* Main.storyboard in Resources */,
			);
			runOnlyForDeploymentPostprocessing = 0;
		};
/* End PBXResourcesBuildPhase section */

/* Begin PBXSourcesBuildPhase section */
		241D87ED28D5E6D900FD2BD8 /* Sources */ = {
			isa = PBXSourcesBuildPhase;
			buildActionMask = 2147483647;
			files = (
				241D881228D5E87A00FD2BD8 /* CustomLayout.swift in Sources */,
				241D881028D5E7A500FD2BD8 /* CollectionViewCell.swift in Sources */,
				241D87F928D5E6D900FD2BD8 /* ViewController.swift in Sources */,
				241D880E28D5E76B00FD2BD8 /* Colors.swift in Sources */,
				241D87F528D5E6D900FD2BD8 /* AppDelegate.swift in Sources */,
				241D87F728D5E6D900FD2BD8 /* SceneDelegate.swift in Sources */,
			);
			runOnlyForDeploymentPostprocessing = 0;
		};
/* End PBXSourcesBuildPhase section */

/* Begin PBXVariantGroup section */
		241D87FA28D5E6D900FD2BD8 /* Main.storyboard */ = {
			isa = PBXVariantGroup;
			children = (
				241D87FB28D5E6D900FD2BD8 /* Base */,
			);
			name = Main.storyboard;
			sourceTree = "<group>";
		};
		241D87FF28D5E6DA00FD2BD8 /* LaunchScreen.storyboard */ = {
			isa = PBXVariantGroup;
			children = (
				241D880028D5E6DA00FD2BD8 /* Base */,
			);
			name = LaunchScreen.storyboard;
			sourceTree = "<group>";
		};
/* End PBXVariantGroup section */

/* Begin XCBuildConfiguration section */
		241D880328D5E6DA00FD2BD8 /* Debug */ = {
			isa = XCBuildConfiguration;
			buildSettings = {
				ALWAYS_SEARCH_USER_PATHS = NO;
				CLANG_ANALYZER_NONNULL = YES;
				CLANG_ANALYZER_NUMBER_OBJECT_CONVERSION = YES_AGGRESSIVE;
				CLANG_CXX_LANGUAGE_STANDARD = "gnu++20";
				CLANG_ENABLE_MODULES = YES;
				CLANG_ENABLE_OBJC_ARC = YES;
				CLANG_ENABLE_OBJC_WEAK = YES;
				CLANG_WARN_BLOCK_CAPTURE_AUTORELEASING = YES;
				CLANG_WARN_BOOL_CONVERSION = YES;
				CLANG_WARN_COMMA = YES;
				CLANG_WARN_CONSTANT_CONVERSION = YES;
				CLANG_WARN_DEPRECATED_OBJC_IMPLEMENTATIONS = YES;
				CLANG_WARN_DIRECT_OBJC_ISA_USAGE = YES_ERROR;
				CLANG_WARN_DOCUMENTATION_COMMENTS = YES;
				CLANG_WARN_EMPTY_BODY = YES;
				CLANG_WARN_ENUM_CONVERSION = YES;
				CLANG_WARN_INFINITE_RECURSION = YES;
				CLANG_WARN_INT_CONVERSION = YES;
				CLANG_WARN_NON_LITERAL_NULL_CONVERSION = YES;
				CLANG_WARN_OBJC_IMPLICIT_RETAIN_SELF = YES;
				CLANG_WARN_OBJC_LITERAL_CONVERSION = YES;
				CLANG_WARN_OBJC_ROOT_CLASS = YES_ERROR;
				CLANG_WARN_QUOTED_INCLUDE_IN_FRAMEWORK_HEADER = YES;
				CLANG_WARN_RANGE_LOOP_ANALYSIS = YES;
				CLANG_WARN_STRICT_PROTOTYPES = YES;
				CLANG_WARN_SUSPICIOUS_MOVE = YES;
				CLANG_WARN_UNGUARDED_AVAILABILITY = YES_AGGRESSIVE;
				CLANG_WARN_UNREACHABLE_CODE = YES;
				CLANG_WARN__DUPLICATE_METHOD_MATCH = YES;
				COPY_PHASE_STRIP = NO;
				DEBUG_INFORMATION_FORMAT = dwarf;
				ENABLE_STRICT_OBJC_MSGSEND = YES;
				ENABLE_TESTABILITY = YES;
				GCC_C_LANGUAGE_STANDARD = gnu11;
				GCC_DYNAMIC_NO_PIC = NO;
				GCC_NO_COMMON_BLOCKS = YES;
				GCC_OPTIMIZATION_LEVEL = 0;
				GCC_PREPROCESSOR_DEFINITIONS = (
					"DEBUG=1",
					"$(inherited)",
				);
				GCC_WARN_64_TO_32_BIT_CONVERSION = YES;
				GCC_WARN_ABOUT_RETURN_TYPE = YES_ERROR;
				GCC_WARN_UNDECLARED_SELECTOR = YES;
				GCC_WARN_UNINITIALIZED_AUTOS = YES_AGGRESSIVE;
				GCC_WARN_UNUSED_FUNCTION = YES;
				GCC_WARN_UNUSED_VARIABLE = YES;
				IPHONEOS_DEPLOYMENT_TARGET = 16.0;
				MTL_ENABLE_DEBUG_INFO = INCLUDE_SOURCE;
				MTL_FAST_MATH = YES;
				ONLY_ACTIVE_ARCH = YES;
				SDKROOT = iphoneos;
				SWIFT_ACTIVE_COMPILATION_CONDITIONS = DEBUG;
				SWIFT_OPTIMIZATION_LEVEL = "-Onone";
			};
			name = Debug;
		};
		241D880428D5E6DA00FD2BD8 /* Release */ = {
			isa = XCBuildConfiguration;
			buildSettings = {
				ALWAYS_SEARCH_USER_PATHS = NO;
				CLANG_ANALYZER_NONNULL = YES;
				CLANG_ANALYZER_NUMBER_OBJECT_CONVERSION = YES_AGGRESSIVE;
				CLANG_CXX_LANGUAGE_STANDARD = "gnu++20";
				CLANG_ENABLE_MODULES = YES;
				CLANG_ENABLE_OBJC_ARC = YES;
				CLANG_ENABLE_OBJC_WEAK = YES;
				CLANG_WARN_BLOCK_CAPTURE_AUTORELEASING = YES;
				CLANG_WARN_BOOL_CONVERSION = YES;
				CLANG_WARN_COMMA = YES;
				CLANG_WARN_CONSTANT_CONVERSION = YES;
				CLANG_WARN_DEPRECATED_OBJC_IMPLEMENTATIONS = YES;
				CLANG_WARN_DIRECT_OBJC_ISA_USAGE = YES_ERROR;
				CLANG_WARN_DOCUMENTATION_COMMENTS = YES;
				CLANG_WARN_EMPTY_BODY = YES;
				CLANG_WARN_ENUM_CONVERSION = YES;
				CLANG_WARN_INFINITE_RECURSION = YES;
				CLANG_WARN_INT_CONVERSION = YES;
				CLANG_WARN_NON_LITERAL_NULL_CONVERSION = YES;
				CLANG_WARN_OBJC_IMPLICIT_RETAIN_SELF = YES;
				CLANG_WARN_OBJC_LITERAL_CONVERSION = YES;
				CLANG_WARN_OBJC_ROOT_CLASS = YES_ERROR;
				CLANG_WARN_QUOTED_INCLUDE_IN_FRAMEWORK_HEADER = YES;
				CLANG_WARN_RANGE_LOOP_ANALYSIS = YES;
				CLANG_WARN_STRICT_PROTOTYPES = YES;
				CLANG_WARN_SUSPICIOUS_MOVE = YES;
				CLANG_WARN_UNGUARDED_AVAILABILITY = YES_AGGRESSIVE;
				CLANG_WARN_UNREACHABLE_CODE = YES;
				CLANG_WARN__DUPLICATE_METHOD_MATCH = YES;
				COPY_PHASE_STRIP = NO;
				DEBUG_INFORMATION_FORMAT = "dwarf-with-dsym";
				ENABLE_NS_ASSERTIONS = NO;
				ENABLE_STRICT_OBJC_MSGSEND = YES;
				GCC_C_LANGUAGE_STANDARD = gnu11;
				GCC_NO_COMMON_BLOCKS = YES;
				GCC_WARN_64_TO_32_BIT_CONVERSION = YES;
				GCC_WARN_ABOUT_RETURN_TYPE = YES_ERROR;
				GCC_WARN_UNDECLARED_SELECTOR = YES;
				GCC_WARN_UNINITIALIZED_AUTOS = YES_AGGRESSIVE;
				GCC_WARN_UNUSED_FUNCTION = YES;
				GCC_WARN_UNUSED_VARIABLE = YES;
				IPHONEOS_DEPLOYMENT_TARGET = 16.0;
				MTL_ENABLE_DEBUG_INFO = NO;
				MTL_FAST_MATH = YES;
				SDKROOT = iphoneos;
				SWIFT_COMPILATION_MODE = wholemodule;
				SWIFT_OPTIMIZATION_LEVEL = "-O";
				VALIDATE_PRODUCT = YES;
			};
			name = Release;
		};
		241D880628D5E6DA00FD2BD8 /* Debug */ = {
			isa = XCBuildConfiguration;
			buildSettings = {
				ASSETCATALOG_COMPILER_APPICON_NAME = AppIcon;
				ASSETCATALOG_COMPILER_GLOBAL_ACCENT_COLOR_NAME = AccentColor;
				CODE_SIGN_STYLE = Automatic;
				CURRENT_PROJECT_VERSION = 1;
				DEVELOPMENT_TEAM = KZ7GPQGAGJ;
				GENERATE_INFOPLIST_FILE = YES;
				INFOPLIST_FILE = "platfarm-project/Info.plist";
				INFOPLIST_KEY_UIApplicationSupportsIndirectInputEvents = YES;
				INFOPLIST_KEY_UILaunchStoryboardName = LaunchScreen;
				INFOPLIST_KEY_UIMainStoryboardFile = Main;
				INFOPLIST_KEY_UISupportedInterfaceOrientations_iPad = "UIInterfaceOrientationPortrait UIInterfaceOrientationPortraitUpsideDown UIInterfaceOrientationLandscapeLeft UIInterfaceOrientationLandscapeRight";
				INFOPLIST_KEY_UISupportedInterfaceOrientations_iPhone = "UIInterfaceOrientationPortrait UIInterfaceOrientationLandscapeLeft UIInterfaceOrientationLandscapeRight";
				LD_RUNPATH_SEARCH_PATHS = (
					"$(inherited)",
					"@executable_path/Frameworks",
				);
				MARKETING_VERSION = 1.0;
				PRODUCT_BUNDLE_IDENTIFIER = "com.gghoneycomb.platfarm-project";
				PRODUCT_NAME = "$(TARGET_NAME)";
				SWIFT_EMIT_LOC_STRINGS = YES;
				SWIFT_VERSION = 5.0;
				TARGETED_DEVICE_FAMILY = "1,2";
			};
			name = Debug;
		};
		241D880728D5E6DA00FD2BD8 /* Release */ = {
			isa = XCBuildConfiguration;
			buildSettings = {
				ASSETCATALOG_COMPILER_APPICON_NAME = AppIcon;
				ASSETCATALOG_COMPILER_GLOBAL_ACCENT_COLOR_NAME = AccentColor;
				CODE_SIGN_STYLE = Automatic;
				CURRENT_PROJECT_VERSION = 1;
				DEVELOPMENT_TEAM = KZ7GPQGAGJ;
				GENERATE_INFOPLIST_FILE = YES;
				INFOPLIST_FILE = "platfarm-project/Info.plist";
				INFOPLIST_KEY_UIApplicationSupportsIndirectInputEvents = YES;
				INFOPLIST_KEY_UILaunchStoryboardName = LaunchScreen;
				INFOPLIST_KEY_UIMainStoryboardFile = Main;
				INFOPLIST_KEY_UISupportedInterfaceOrientations_iPad = "UIInterfaceOrientationPortrait UIInterfaceOrientationPortraitUpsideDown UIInterfaceOrientationLandscapeLeft UIInterfaceOrientationLandscapeRight";
				INFOPLIST_KEY_UISupportedInterfaceOrientations_iPhone = "UIInterfaceOrientationPortrait UIInterfaceOrientationLandscapeLeft UIInterfaceOrientationLandscapeRight";
				LD_RUNPATH_SEARCH_PATHS = (
					"$(inherited)",
					"@executable_path/Frameworks",
				);
				MARKETING_VERSION = 1.0;
				PRODUCT_BUNDLE_IDENTIFIER = "com.gghoneycomb.platfarm-project";
				PRODUCT_NAME = "$(TARGET_NAME)";
				SWIFT_EMIT_LOC_STRINGS = YES;
				SWIFT_VERSION = 5.0;
				TARGETED_DEVICE_FAMILY = "1,2";
			};
			name = Release;
		};
/* End XCBuildConfiguration section */

/* Begin XCConfigurationList section */
		241D87EC28D5E6D900FD2BD8 /* Build configuration list for PBXProject "platfarm-project" */ = {
			isa = XCConfigurationList;
			buildConfigurations = (
				241D880328D5E6DA00FD2BD8 /* Debug */,
				241D880428D5E6DA00FD2BD8 /* Release */,
			);
			defaultConfigurationIsVisible = 0;
			defaultConfigurationName = Release;
		};
		241D880528D5E6DA00FD2BD8 /* Build configuration list for PBXNativeTarget "platfarm-project" */ = {
			isa = XCConfigurationList;
			buildConfigurations = (
				241D880628D5E6DA00FD2BD8 /* Debug */,
				241D880728D5E6DA00FD2BD8 /* Release */,
			);
			defaultConfigurationIsVisible = 0;
			defaultConfigurationName = Release;
		};
/* End XCConfigurationList section */
	};
	rootObject = 241D87E928D5E6D900FD2BD8 /* Project object */;
}
